{
  "name": "session-handoff",
  "version": "0.7.4-jev",
  "lockfileVersion": 3,
  "requires": true,
  "packages": {
    "": {
      "name": "session-handoff",
      "version": "0.7.4-jev",
      "hasInstallScript": true,
      "license": "MIT",
      "os": [
        "linux",
        "darwin"
      ],
      "bin": {
        "session-handoff": "bin/session-handoff"
      },
      "engines": {
        "node": ">=18",
        "python": ">=3.10"
      }
    }
  }
}
